# THIS IS AN AUTOGENERATED FILE. DO NOT EDIT THIS FILE DIRECTLY.
# yarn lockfile v1


axios@^0.19.2:
  version "0.19.2"
  resolved "https://bams-aws.refinitiv.com/artifactory/api/npm/default.npm.global/axios/-/axios-0.19.2.tgz#3ea36c5d8818d0d5f8a8a97a6d36b86cdc00cb27"
  integrity sha1-PqNsXYgY0NX4qKl6bTa4bNwAyyc=
  dependencies:
    follow-redirects "1.5.10"

debug@=3.1.0:
  version "3.1.0"
  resolved "https://bams-aws.refinitiv.com/artifactory/api/npm/default.npm.global/debug/-/debug-3.1.0.tgz#5bb5a0672628b64149566ba16819e61518c67261"
  integrity sha1-W7WgZyYotkFJVmuhaBnmFRjGcmE=
  dependencies:
    ms "2.0.0"

follow-redirects@1.5.10:
  version "1.5.10"
  resolved "https://bams-aws.refinitiv.com/artifactory/api/npm/default.npm.global/follow-redirects/-/follow-redirects-1.5.10.tgz#7b7a9f9aea2fdff36786a94ff643ed07f4ff5e2a"
  integrity sha1-e3qfmuov3/NnhqlP9kPtB/T/Xio=
  dependencies:
    debug "=3.1.0"

ms@2.0.0:
  version "2.0.0"
  resolved "https://bams-aws.refinitiv.com/artifactory/api/npm/default.npm.global/ms/-/ms-2.0.0.tgz#5608aeadfc00be6c2901df5f9861788de0d597c8"
  integrity sha1-VgiurfwAvmwpAd9fmGF4jeDVl8g=

pfs@^3.0.0:
  version "3.0.0"
  resolved "https://bams-aws.refinitiv.com/artifactory/api/npm/default.npm.global/pfs/-/pfs-3.0.0.tgz#36522bfac64fd8fee1f0ba0cc2897a21e9c25b9e"
  integrity sha1-NlIr+sZP2P7h8LoMwol6IenCW54=
